PODS:
  - AFNetworking (4.0.1):
    - AFNetworking/NSURLSession (= 4.0.1)
    - AFNetworking/Reachability (= 4.0.1)
    - AFNetworking/Security (= 4.0.1)
    - AFNetworking/Serialization (= 4.0.1)
    - AFNetworking/UIKit (= 4.0.1)
  - AFNetworking/NSURLSession (4.0.1):
    - AFNetworking/Reachability
    - AFNetworking/Security
    - AFNetworking/Serialization
  - AFNetworking/Reachability (4.0.1)
  - AFNetworking/Security (4.0.1)
  - AFNetworking/Serialization (4.0.1)
  - AFNetworking/UIKit (4.0.1):
    - AFNetworking/NSURLSession
  - DoraemonKit (3.1.2):
    - DoraemonKit/Core (= 3.1.2)
  - DoraemonKit/Core (3.1.2):
    - AFNetworking
    - FMDB
    - GCDWebServer
    - GCDWebServer/WebDAV
    - GCDWebServer/WebUploader
  - DoraemonKit/WithMLeaksFinder (3.1.2):
    - DoraemonKit/Core
  - FMDB (2.7.5):
    - FMDB/standard (= 2.7.5)
  - FMDB/standard (2.7.5)
  - GCDWebServer (3.5.4):
    - GCDWebServer/Core (= 3.5.4)
  - GCDWebServer/Core (3.5.4)
  - GCDWebServer/WebDAV (3.5.4):
    - GCDWebServer/Core
  - GCDWebServer/WebUploader (3.5.4):
    - GCDWebServer/Core

DEPENDENCIES:
  - DoraemonKit (from `..`)
  - DoraemonKit/WithMLeaksFinder (from `..`)

SPEC REPOS:
  trunk:
    - AFNetworking
    - FMDB
    - GCDWebServer

EXTERNAL SOURCES:
  DoraemonKit:
    :path: ".."

SPEC CHECKSUMS:
  AFNetworking: 7864c38297c79aaca1500c33288e429c3451fdce
  DoraemonKit: 108a14ad466180755ef7fda97f3f4c91028b07a0
  FMDB: 2ce00b547f966261cd18927a3ddb07cb6f3db82a
  GCDWebServer: 2c156a56c8226e2d5c0c3f208a3621ccffbe3ce4

PODFILE CHECKSUM: cc6aa820ea1c525dcca11888e8ada036247c6dc0

COCOAPODS: 1.11.2
